
Microsoft Visual Studio Solution File, Format Version 12.00
# Visual Studio 15
VisualStudioVersion = 15.0.28010.2050
MinimumVisualStudioVersion = 10.0.40219.1
Project("{FAE04EC0-301F-11D3-BF4B-00C04F79EFBC}") = "ClassMetotDemo", "ClassMetotDemo\ClassMetotDemo.csproj", "{8EB95B4A-0691-441E-BB66-DA42601E549E}"
EndProject
Global
	GlobalSection(SolutionConfigurationPlatforms) = preSolution
		Debug|Any CPU = Debug|Any CPU
		Release|Any CPU = Release|Any CPU
	EndGlobalSection
	GlobalSection(ProjectConfigurationPlatforms) = postSolution
		{8EB95B4A-0691-441E-BB66-DA42601E549E}.Debug|Any CPU.ActiveCfg = Debug|Any CPU
		{8EB95B4A-0691-441E-BB66-DA42601E549E}.Debug|Any CPU.Build.0 = Debug|Any CPU
		{8EB95B4A-0691-441E-BB66-DA42601E549E}.Release|Any CPU.ActiveCfg = Release|Any CPU
		{8EB95B4A-0691-441E-BB66-DA42601E549E}.Release|Any CPU.Build.0 = Release|Any CPU
	EndGlobalSection
	GlobalSection(SolutionProperties) = preSolution
		HideSolutionNode = FALSE
	EndGlobalSection
	GlobalSection(ExtensibilityGlobals) = postSolution
		SolutionGuid = {4E48A42D-CEB8-44BF-A875-D4E2B14B8C97}
	EndGlobalSection
EndGlobal
